
Microsoft Visual Studio Solution File, Format Version 12.00
# Visual Studio Version 17
VisualStudioVersion = 17.4.33213.308
MinimumVisualStudioVersion = 10.0.40219.1
Project("{2150E333-8FDC-42A3-9474-1A3956D46DE8}") = "FileTransEncode", "FileTransEncode", "{E7DB83A2-77DB-4330-B2CC-2B569E59052F}"
EndProject
Project("{FAE04EC0-301F-11D3-BF4B-00C04F79EFBC}") = "DtApp4FileTransEncode", "DtApp4FileTransEncode\DtApp4FileTransEncode.csproj", "{15C26EFA-3F3B-433F-B3FB-F25522E37ED8}"
EndProject
Project("{FAE04EC0-301F-11D3-BF4B-00C04F79EFBC}") = "lib4FileTransEncode", "lib4FileTransEncode\lib4FileTransEncode.csproj", "{33E61D1D-43AA-4565-9364-894B75F6EBE4}"
EndProject
Global
	GlobalSection(SolutionConfigurationPlatforms) = preSolution
		Debug|Any CPU = Debug|Any CPU
		Release|Any CPU = Release|Any CPU
	EndGlobalSection
	GlobalSection(ProjectConfigurationPlatforms) = postSolution
		{15C26EFA-3F3B-433F-B3FB-F25522E37ED8}.Debug|Any CPU.ActiveCfg = Debug|Any CPU
		{15C26EFA-3F3B-433F-B3FB-F25522E37ED8}.Debug|Any CPU.Build.0 = Debug|Any CPU
		{15C26EFA-3F3B-433F-B3FB-F25522E37ED8}.Release|Any CPU.ActiveCfg = Release|Any CPU
		{15C26EFA-3F3B-433F-B3FB-F25522E37ED8}.Release|Any CPU.Build.0 = Release|Any CPU
		{33E61D1D-43AA-4565-9364-894B75F6EBE4}.Debug|Any CPU.ActiveCfg = Debug|Any CPU
		{33E61D1D-43AA-4565-9364-894B75F6EBE4}.Debug|Any CPU.Build.0 = Debug|Any CPU
		{33E61D1D-43AA-4565-9364-894B75F6EBE4}.Release|Any CPU.ActiveCfg = Release|Any CPU
		{33E61D1D-43AA-4565-9364-894B75F6EBE4}.Release|Any CPU.Build.0 = Release|Any CPU
	EndGlobalSection
	GlobalSection(SolutionProperties) = preSolution
		HideSolutionNode = FALSE
	EndGlobalSection
	GlobalSection(NestedProjects) = preSolution
		{15C26EFA-3F3B-433F-B3FB-F25522E37ED8} = {E7DB83A2-77DB-4330-B2CC-2B569E59052F}
		{33E61D1D-43AA-4565-9364-894B75F6EBE4} = {E7DB83A2-77DB-4330-B2CC-2B569E59052F}
	EndGlobalSection
	GlobalSection(ExtensibilityGlobals) = postSolution
		SolutionGuid = {D63890EA-6929-4879-8A62-10F4F9B323CB}
	EndGlobalSection
EndGlobal
